
Microsoft Visual Studio Solution File, Format Version 12.00
# Visual Studio Version 17
VisualStudioVersion = 17.6.33829.357
MinimumVisualStudioVersion = 10.0.40219.1
Project("{FAE04EC0-301F-11D3-BF4B-00C04F79EFBC}") = "clase20-8", "clase20-8\clase20-8.csproj", "{95638BA0-615C-4A3F-B1FB-F46E90B1F062}"
EndProject
Global
	GlobalSection(SolutionConfigurationPlatforms) = preSolution
		Debug|Any CPU = Debug|Any CPU
		Release|Any CPU = Release|Any CPU
	EndGlobalSection
	GlobalSection(ProjectConfigurationPlatforms) = postSolution
		{95638BA0-615C-4A3F-B1FB-F46E90B1F062}.Debug|Any CPU.ActiveCfg = Debug|Any CPU
		{95638BA0-615C-4A3F-B1FB-F46E90B1F062}.Debug|Any CPU.Build.0 = Debug|Any CPU
		{95638BA0-615C-4A3F-B1FB-F46E90B1F062}.Release|Any CPU.ActiveCfg = Release|Any CPU
		{95638BA0-615C-4A3F-B1FB-F46E90B1F062}.Release|Any CPU.Build.0 = Release|Any CPU
	EndGlobalSection
	GlobalSection(SolutionProperties) = preSolution
		HideSolutionNode = FALSE
	EndGlobalSection
	GlobalSection(ExtensibilityGlobals) = postSolution
		SolutionGuid = {2E78B686-B552-42DD-9BD9-35EC6C6A3B92}
	EndGlobalSection
EndGlobal
