
Microsoft Visual Studio Solution File, Format Version 12.00
# Visual Studio Version 17
VisualStudioVersion = 17.10.35027.167
MinimumVisualStudioVersion = 10.0.40219.1
Project("{FAE04EC0-301F-11D3-BF4B-00C04F79EFBC}") = "CasoModelo.DLL", "CasoModelo.DLL\CasoModelo.DLL.csproj", "{C1C50A8D-A2F3-4EC1-8BFD-13E9036292DE}"
EndProject
Project("{FAE04EC0-301F-11D3-BF4B-00C04F79EFBC}") = "CasoModelo.API", "CasoModelo.API\CasoModelo.API.csproj", "{33237BB9-4420-4528-9717-2F32A5CD8680}"
EndProject
Global
	GlobalSection(SolutionConfigurationPlatforms) = preSolution
		Debug|Any CPU = Debug|Any CPU
		Release|Any CPU = Release|Any CPU
	EndGlobalSection
	GlobalSection(ProjectConfigurationPlatforms) = postSolution
		{C1C50A8D-A2F3-4EC1-8BFD-13E9036292DE}.Debug|Any CPU.ActiveCfg = Debug|Any CPU
		{C1C50A8D-A2F3-4EC1-8BFD-13E9036292DE}.Debug|Any CPU.Build.0 = Debug|Any CPU
		{C1C50A8D-A2F3-4EC1-8BFD-13E9036292DE}.Release|Any CPU.ActiveCfg = Release|Any CPU
		{C1C50A8D-A2F3-4EC1-8BFD-13E9036292DE}.Release|Any CPU.Build.0 = Release|Any CPU
		{33237BB9-4420-4528-9717-2F32A5CD8680}.Debug|Any CPU.ActiveCfg = Debug|Any CPU
		{33237BB9-4420-4528-9717-2F32A5CD8680}.Debug|Any CPU.Build.0 = Debug|Any CPU
		{33237BB9-4420-4528-9717-2F32A5CD8680}.Release|Any CPU.ActiveCfg = Release|Any CPU
		{33237BB9-4420-4528-9717-2F32A5CD8680}.Release|Any CPU.Build.0 = Release|Any CPU
	EndGlobalSection
	GlobalSection(SolutionProperties) = preSolution
		HideSolutionNode = FALSE
	EndGlobalSection
	GlobalSection(ExtensibilityGlobals) = postSolution
		SolutionGuid = {487D7E16-6CFD-4A24-A4BE-7490D6B00010}
	EndGlobalSection
EndGlobal
